
Microsoft Visual Studio Solution File, Format Version 12.00
# Visual Studio Version 17
VisualStudioVersion = 17.0.31903.59
MinimumVisualStudioVersion = 10.0.40219.1
Project("{FAE04EC0-301F-11D3-BF4B-00C04F79EFBC}") = "SecureFileVault.Core", "src\SecureFileVault.Core\SecureFileVault.Core.csproj", "{55555555-5555-5555-5555-555555555555}"
EndProject
Project("{FAE04EC0-301F-11D3-BF4B-00C04F79EFBC}") = "SecureFileVault.Console", "src\SecureFileVault.Console\SecureFileVault.Console.csproj", "{66666666-6666-6666-6666-666666666666}"
EndProject
Project("{FAE04EC0-301F-11D3-BF4B-00C04F79EFBC}") = "SecureFileVault.AuthApi", "src\SecureFileVault.AuthApi\SecureFileVault.AuthApi.csproj", "{77777777-7777-7777-7777-777777777777}"
EndProject
Project("{FAE04EC0-301F-11D3-BF4B-00C04F79EFBC}") = "SecureFileVault.Tests", "tests\SecureFileVault.Tests\SecureFileVault.Tests.csproj", "{88888888-8888-8888-8888-888888888888}"
EndProject
Global
	GlobalSection(SolutionConfigurationPlatforms) = preSolution
		Debug|Any CPU = Debug|Any CPU
		Release|Any CPU = Release|Any CPU
	EndGlobalSection
	GlobalSection(ProjectConfigurationPlatforms) = postSolution
		{55555555-5555-5555-5555-555555555555}.Debug|Any CPU.ActiveCfg = Debug|Any CPU
		{55555555-5555-5555-5555-555555555555}.Debug|Any CPU.Build.0 = Debug|Any CPU
		{55555555-5555-5555-5555-555555555555}.Release|Any CPU.ActiveCfg = Release|Any CPU
		{55555555-5555-5555-5555-555555555555}.Release|Any CPU.Build.0 = Release|Any CPU
		{66666666-6666-6666-6666-666666666666}.Debug|Any CPU.ActiveCfg = Debug|Any CPU
		{66666666-6666-6666-6666-666666666666}.Debug|Any CPU.Build.0 = Debug|Any CPU
		{66666666-6666-6666-6666-666666666666}.Release|Any CPU.ActiveCfg = Release|Any CPU
		{66666666-6666-6666-6666-666666666666}.Release|Any CPU.Build.0 = Release|Any CPU
		{77777777-7777-7777-7777-777777777777}.Debug|Any CPU.ActiveCfg = Debug|Any CPU
		{77777777-7777-7777-7777-777777777777}.Debug|Any CPU.Build.0 = Debug|Any CPU
		{77777777-7777-7777-7777-777777777777}.Release|Any CPU.ActiveCfg = Release|Any CPU
		{77777777-7777-7777-7777-777777777777}.Release|Any CPU.Build.0 = Release|Any CPU
		{88888888-8888-8888-8888-888888888888}.Debug|Any CPU.ActiveCfg = Debug|Any CPU
		{88888888-8888-8888-8888-888888888888}.Debug|Any CPU.Build.0 = Debug|Any CPU
		{88888888-8888-8888-8888-888888888888}.Release|Any CPU.ActiveCfg = Release|Any CPU
		{88888888-8888-8888-8888-888888888888}.Release|Any CPU.Build.0 = Release|Any CPU
	EndGlobalSection
	GlobalSection(SolutionProperties) = preSolution
		HideSolutionNode = FALSE
	EndGlobalSection
EndGlobal
